Microsoft Visual Studio Solution File, Format Version 12.00
# Visual Studio 15
VisualStudioVersion = 15.0.27130.2036
MinimumVisualStudioVersion = 10.0.40219.1
Project("{8BC9CEB8-8B4A-11D0-8D11-00A0C91BC942}") = "WinShell", "WinShell\WinShell.vcxproj", "{74F249C2-57DF-4984-9741-2070B81CD840}"
	ProjectSection(ProjectDependencies) = postProject
		{68263596-70C7-3199-A2E2-FAA01562ACE6} = {68263596-70C7-3199-A2E2-FAA01562ACE6}
		{64DFC2FF-103C-3B51-AF34-CDE430960680} = {64DFC2FF-103C-3B51-AF34-CDE430960680}
		{F6C38644-C649-348C-ACE0-399F0E7005C5} = {F6C38644-C649-348C-ACE0-399F0E7005C5}
		{15C89A26-BBA5-3198-84ED-79D83A496B38} = {15C89A26-BBA5-3198-84ED-79D83A496B38}
	EndProjectSection
EndProject
Project("{8BC9CEB8-8B4A-11D0-8D11-00A0C91BC942}") = "Core", "..\..\..\engine\Build\Src\Core\Core.vcxproj", "{64DFC2FF-103C-3B51-AF34-CDE430960680}"
EndProject
Project("{8BC9CEB8-8B4A-11D0-8D11-00A0C91BC942}") = "GLES2Render", "..\..\..\engine\Build\Src\GLES2Render\GLES2Render.vcxproj", "{68263596-70C7-3199-A2E2-FAA01562ACE6}"
EndProject
Project("{8BC9CEB8-8B4A-11D0-8D11-00A0C91BC942}") = "GameClient", "..\..\Build\Src\GameClient.vcxproj", "{15C89A26-BBA5-3198-84ED-79D83A496B38}"
	ProjectSection(ProjectDependencies) = postProject
		{68263596-70C7-3199-A2E2-FAA01562ACE6} = {68263596-70C7-3199-A2E2-FAA01562ACE6}
		{64DFC2FF-103C-3B51-AF34-CDE430960680} = {64DFC2FF-103C-3B51-AF34-CDE430960680}
		{F6C38644-C649-348C-ACE0-399F0E7005C5} = {F6C38644-C649-348C-ACE0-399F0E7005C5}
	EndProjectSection
EndProject
Project("{8BC9CEB8-8B4A-11D0-8D11-00A0C91BC942}") = "Logic", "..\..\..\logic\Build\Src\Logic.vcxproj", "{F6C38644-C649-348C-ACE0-399F0E7005C5}"
	ProjectSection(ProjectDependencies) = postProject
		{64DFC2FF-103C-3B51-AF34-CDE430960680} = {64DFC2FF-103C-3B51-AF34-CDE430960680}
	EndProjectSection
EndProject
Project("{8BC9CEB8-8B4A-11D0-8D11-00A0C91BC942}") = "GameServer", "..\..\..\server\Build\src\GameServer.vcxproj", "{1C3D24B1-D48E-3FED-A6C5-C4AD1163AA7F}"
	ProjectSection(ProjectDependencies) = postProject
		{F6C38644-C649-348C-ACE0-399F0E7005C5} = {F6C38644-C649-348C-ACE0-399F0E7005C5}
		{64DFC2FF-103C-3B51-AF34-CDE430960680} = {64DFC2FF-103C-3B51-AF34-CDE430960680}
	EndProjectSection
EndProject
Global
	GlobalSection(SolutionConfigurationPlatforms) = preSolution
		Debug|Mixed Platforms = Debug|Mixed Platforms
		Debug|Win32 = Debug|Win32
		Debug|x64 = Debug|x64
		Debug|x86 = Debug|x86
		MinSizeRel|Mixed Platforms = MinSizeRel|Mixed Platforms
		MinSizeRel|Win32 = MinSizeRel|Win32
		MinSizeRel|x64 = MinSizeRel|x64
		MinSizeRel|x86 = MinSizeRel|x86
		Release|Mixed Platforms = Release|Mixed Platforms
		Release|Win32 = Release|Win32
		Release|x64 = Release|x64
		Release|x86 = Release|x86
		RelWithDebInfo|Mixed Platforms = RelWithDebInfo|Mixed Platforms
		RelWithDebInfo|Win32 = RelWithDebInfo|Win32
		RelWithDebInfo|x64 = RelWithDebInfo|x64
		RelWithDebInfo|x86 = RelWithDebInfo|x86
	EndGlobalSection
	GlobalSection(ProjectConfigurationPlatforms) = postSolution
		{74F249C2-57DF-4984-9741-2070B81CD840}.Debug|Mixed Platforms.ActiveCfg = Debug|Win32
		{74F249C2-57DF-4984-9741-2070B81CD840}.Debug|Mixed Platforms.Build.0 = Debug|Win32
		{74F249C2-57DF-4984-9741-2070B81CD840}.Debug|Win32.ActiveCfg = Debug|Win32
		{74F249C2-57DF-4984-9741-2070B81CD840}.Debug|Win32.Build.0 = Debug|Win32
		{74F249C2-57DF-4984-9741-2070B81CD840}.Debug|x64.ActiveCfg = Debug|Win32
		{74F249C2-57DF-4984-9741-2070B81CD840}.Debug|x86.ActiveCfg = Debug|Win32
		{74F249C2-57DF-4984-9741-2070B81CD840}.Debug|x86.Build.0 = Debug|Win32
		{74F249C2-57DF-4984-9741-2070B81CD840}.MinSizeRel|Mixed Platforms.ActiveCfg = Release|Win32
		{74F249C2-57DF-4984-9741-2070B81CD840}.MinSizeRel|Mixed Platforms.Build.0 = Release|Win32
		{74F249C2-57DF-4984-9741-2070B81CD840}.MinSizeRel|Win32.ActiveCfg = Release|Win32
		{74F249C2-57DF-4984-9741-2070B81CD840}.MinSizeRel|Win32.Build.0 = Release|Win32
		{74F249C2-57DF-4984-9741-2070B81CD840}.MinSizeRel|x64.ActiveCfg = RelWithDebInfo|Win32
		{74F249C2-57DF-4984-9741-2070B81CD840}.MinSizeRel|x64.Build.0 = RelWithDebInfo|Win32
		{74F249C2-57DF-4984-9741-2070B81CD840}.MinSizeRel|x86.ActiveCfg = RelWithDebInfo|Win32
		{74F249C2-57DF-4984-9741-2070B81CD840}.MinSizeRel|x86.Build.0 = RelWithDebInfo|Win32
		{74F249C2-57DF-4984-9741-2070B81CD840}.Release|Mixed Platforms.ActiveCfg = Release|Win32
		{74F249C2-57DF-4984-9741-2070B81CD840}.Release|Mixed Platforms.Build.0 = Release|Win32
		{74F249C2-57DF-4984-9741-2070B81CD840}.Release|Win32.ActiveCfg = Release|Win32
		{74F249C2-57DF-4984-9741-2070B81CD840}.Release|Win32.Build.0 = Release|Win32
		{74F249C2-57DF-4984-9741-2070B81CD840}.Release|x64.ActiveCfg = Release|Win32
		{74F249C2-57DF-4984-9741-2070B81CD840}.Release|x86.ActiveCfg = Release|Win32
		{74F249C2-57DF-4984-9741-2070B81CD840}.Release|x86.Build.0 = Release|Win32
		{74F249C2-57DF-4984-9741-2070B81CD840}.RelWithDebInfo|Mixed Platforms.ActiveCfg = RelWithDebInfo|Win32
		{74F249C2-57DF-4984-9741-2070B81CD840}.RelWithDebInfo|Mixed Platforms.Build.0 = RelWithDebInfo|Win32
		{74F249C2-57DF-4984-9741-2070B81CD840}.RelWithDebInfo|Win32.ActiveCfg = RelWithDebInfo|Win32
		{74F249C2-57DF-4984-9741-2070B81CD840}.RelWithDebInfo|Win32.Build.0 = RelWithDebInfo|Win32
		{74F249C2-57DF-4984-9741-2070B81CD840}.RelWithDebInfo|x64.ActiveCfg = RelWithDebInfo|Win32
		{74F249C2-57DF-4984-9741-2070B81CD840}.RelWithDebInfo|x86.ActiveCfg = RelWithDebInfo|Win32
		{74F249C2-57DF-4984-9741-2070B81CD840}.RelWithDebInfo|x86.Build.0 = RelWithDebInfo|Win32
		{64DFC2FF-103C-3B51-AF34-CDE430960680}.Debug|Mixed Platforms.ActiveCfg = Debug|Win32
		{64DFC2FF-103C-3B51-AF34-CDE430960680}.Debug|Mixed Platforms.Build.0 = Debug|Win32
		{64DFC2FF-103C-3B51-AF34-CDE430960680}.Debug|Win32.ActiveCfg = Debug|Win32
		{64DFC2FF-103C-3B51-AF34-CDE430960680}.Debug|Win32.Build.0 = Debug|Win32
		{64DFC2FF-103C-3B51-AF34-CDE430960680}.Debug|x64.ActiveCfg = Debug|Win32
		{64DFC2FF-103C-3B51-AF34-CDE430960680}.Debug|x86.ActiveCfg = Debug|Win32
		{64DFC2FF-103C-3B51-AF34-CDE430960680}.Debug|x86.Build.0 = Debug|Win32
		{64DFC2FF-103C-3B51-AF34-CDE430960680}.MinSizeRel|Mixed Platforms.ActiveCfg = MinSizeRel|Win32
		{64DFC2FF-103C-3B51-AF34-CDE430960680}.MinSizeRel|Mixed Platforms.Build.0 = MinSizeRel|Win32
		{64DFC2FF-103C-3B51-AF34-CDE430960680}.MinSizeRel|Win32.ActiveCfg = MinSizeRel|Win32
		{64DFC2FF-103C-3B51-AF34-CDE430960680}.MinSizeRel|Win32.Build.0 = MinSizeRel|Win32
		{64DFC2FF-103C-3B51-AF34-CDE430960680}.MinSizeRel|x64.ActiveCfg = MinSizeRel|Win32
		{64DFC2FF-103C-3B51-AF34-CDE430960680}.MinSizeRel|x86.ActiveCfg = MinSizeRel|Win32
		{64DFC2FF-103C-3B51-AF34-CDE430960680}.MinSizeRel|x86.Build.0 = MinSizeRel|Win32
		{64DFC2FF-103C-3B51-AF34-CDE430960680}.Release|Mixed Platforms.ActiveCfg = Release|Win32
		{64DFC2FF-103C-3B51-AF34-CDE430960680}.Release|Mixed Platforms.Build.0 = Release|Win32
		{64DFC2FF-103C-3B51-AF34-CDE430960680}.Release|Win32.ActiveCfg = Release|Win32
		{64DFC2FF-103C-3B51-AF34-CDE430960680}.Release|Win32.Build.0 = Release|Win32
		{64DFC2FF-103C-3B51-AF34-CDE430960680}.Release|x64.ActiveCfg = Release|Win32
		{64DFC2FF-103C-3B51-AF34-CDE430960680}.Release|x86.ActiveCfg = Release|Win32
		{64DFC2FF-103C-3B51-AF34-CDE430960680}.Release|x86.Build.0 = Release|Win32
		{64DFC2FF-103C-3B51-AF34-CDE430960680}.RelWithDebInfo|Mixed Platforms.ActiveCfg = RelWithDebInfo|Win32
		{64DFC2FF-103C-3B51-AF34-CDE430960680}.RelWithDebInfo|Mixed Platforms.Build.0 = RelWithDebInfo|Win32
		{64DFC2FF-103C-3B51-AF34-CDE430960680}.RelWithDebInfo|Win32.ActiveCfg = RelWithDebInfo|Win32
		{64DFC2FF-103C-3B51-AF34-CDE430960680}.RelWithDebInfo|Win32.Build.0 = RelWithDebInfo|Win32
		{64DFC2FF-103C-3B51-AF34-CDE430960680}.RelWithDebInfo|x64.ActiveCfg = RelWithDebInfo|Win32
		{64DFC2FF-103C-3B51-AF34-CDE430960680}.RelWithDebInfo|x86.ActiveCfg = RelWithDebInfo|Win32
		{64DFC2FF-103C-3B51-AF34-CDE430960680}.RelWithDebInfo|x86.Build.0 = RelWithDebInfo|Win32
		{68263596-70C7-3199-A2E2-FAA01562ACE6}.Debug|Mixed Platforms.ActiveCfg = Debug|Win32
		{68263596-70C7-3199-A2E2-FAA01562ACE6}.Debug|Mixed Platforms.Build.0 = Debug|Win32
		{68263596-70C7-3199-A2E2-FAA01562ACE6}.Debug|Win32.ActiveCfg = Debug|Win32
		{68263596-70C7-3199-A2E2-FAA01562ACE6}.Debug|Win32.Build.0 = Debug|Win32
		{68263596-70C7-3199-A2E2-FAA01562ACE6}.Debug|x64.ActiveCfg = Debug|Win32
		{68263596-70C7-3199-A2E2-FAA01562ACE6}.Debug|x86.ActiveCfg = Debug|Win32
		{68263596-70C7-3199-A2E2-FAA01562ACE6}.Debug|x86.Build.0 = Debug|Win32
		{68263596-70C7-3199-A2E2-FAA01562ACE6}.MinSizeRel|Mixed Platforms.ActiveCfg = MinSizeRel|Win32
		{68263596-70C7-3199-A2E2-FAA01562ACE6}.MinSizeRel|Mixed Platforms.Build.0 = MinSizeRel|Win32
		{68263596-70C7-3199-A2E2-FAA01562ACE6}.MinSizeRel|Win32.ActiveCfg = MinSizeRel|Win32
		{68263596-70C7-3199-A2E2-FAA01562ACE6}.MinSizeRel|Win32.Build.0 = MinSizeRel|Win32
		{68263596-70C7-3199-A2E2-FAA01562ACE6}.MinSizeRel|x64.ActiveCfg = MinSizeRel|Win32
		{68263596-70C7-3199-A2E2-FAA01562ACE6}.MinSizeRel|x86.ActiveCfg = MinSizeRel|Win32
		{68263596-70C7-3199-A2E2-FAA01562ACE6}.MinSizeRel|x86.Build.0 = MinSizeRel|Win32
		{68263596-70C7-3199-A2E2-FAA01562ACE6}.Release|Mixed Platforms.ActiveCfg = Release|Win32
		{68263596-70C7-3199-A2E2-FAA01562ACE6}.Release|Mixed Platforms.Build.0 = Release|Win32
		{68263596-70C7-3199-A2E2-FAA01562ACE6}.Release|Win32.ActiveCfg = Release|Win32
		{68263596-70C7-3199-A2E2-FAA01562ACE6}.Release|Win32.Build.0 = Release|Win32
		{68263596-70C7-3199-A2E2-FAA01562ACE6}.Release|x64.ActiveCfg = Release|Win32
		{68263596-70C7-3199-A2E2-FAA01562ACE6}.Release|x86.ActiveCfg = Release|Win32
		{68263596-70C7-3199-A2E2-FAA01562ACE6}.Release|x86.Build.0 = Release|Win32
		{68263596-70C7-3199-A2E2-FAA01562ACE6}.RelWithDebInfo|Mixed Platforms.ActiveCfg = RelWithDebInfo|Win32
		{68263596-70C7-3199-A2E2-FAA01562ACE6}.RelWithDebInfo|Mixed Platforms.Build.0 = RelWithDebInfo|Win32
		{68263596-70C7-3199-A2E2-FAA01562ACE6}.RelWithDebInfo|Win32.ActiveCfg = RelWithDebInfo|Win32
		{68263596-70C7-3199-A2E2-FAA01562ACE6}.RelWithDebInfo|Win32.Build.0 = RelWithDebInfo|Win32
		{68263596-70C7-3199-A2E2-FAA01562ACE6}.RelWithDebInfo|x64.ActiveCfg = RelWithDebInfo|Win32
		{68263596-70C7-3199-A2E2-FAA01562ACE6}.RelWithDebInfo|x86.ActiveCfg = RelWithDebInfo|Win32
		{68263596-70C7-3199-A2E2-FAA01562ACE6}.RelWithDebInfo|x86.Build.0 = RelWithDebInfo|Win32
		{15C89A26-BBA5-3198-84ED-79D83A496B38}.Debug|Mixed Platforms.ActiveCfg = Debug|Win32
		{15C89A26-BBA5-3198-84ED-79D83A496B38}.Debug|Mixed Platforms.Build.0 = Debug|Win32
		{15C89A26-BBA5-3198-84ED-79D83A496B38}.Debug|Win32.ActiveCfg = Debug|Win32
		{15C89A26-BBA5-3198-84ED-79D83A496B38}.Debug|Win32.Build.0 = Debug|Win32
		{15C89A26-BBA5-3198-84ED-79D83A496B38}.Debug|x64.ActiveCfg = Debug|Win32
		{15C89A26-BBA5-3198-84ED-79D83A496B38}.Debug|x86.ActiveCfg = Debug|Win32
		{15C89A26-BBA5-3198-84ED-79D83A496B38}.Debug|x86.Build.0 = Debug|Win32
		{15C89A26-BBA5-3198-84ED-79D83A496B38}.MinSizeRel|Mixed Platforms.ActiveCfg = MinSizeRel|Win32
		{15C89A26-BBA5-3198-84ED-79D83A496B38}.MinSizeRel|Mixed Platforms.Build.0 = MinSizeRel|Win32
		{15C89A26-BBA5-3198-84ED-79D83A496B38}.MinSizeRel|Win32.ActiveCfg = MinSizeRel|Win32
		{15C89A26-BBA5-3198-84ED-79D83A496B38}.MinSizeRel|Win32.Build.0 = MinSizeRel|Win32
		{15C89A26-BBA5-3198-84ED-79D83A496B38}.MinSizeRel|x64.ActiveCfg = MinSizeRel|Win32
		{15C89A26-BBA5-3198-84ED-79D83A496B38}.MinSizeRel|x86.ActiveCfg = MinSizeRel|Win32
		{15C89A26-BBA5-3198-84ED-79D83A496B38}.MinSizeRel|x86.Build.0 = MinSizeRel|Win32
		{15C89A26-BBA5-3198-84ED-79D83A496B38}.Release|Mixed Platforms.ActiveCfg = Release|Win32
		{15C89A26-BBA5-3198-84ED-79D83A496B38}.Release|Mixed Platforms.Build.0 = Release|Win32
		{15C89A26-BBA5-3198-84ED-79D83A496B38}.Release|Win32.ActiveCfg = Release|Win32
		{15C89A26-BBA5-3198-84ED-79D83A496B38}.Release|Win32.Build.0 = Release|Win32
		{15C89A26-BBA5-3198-84ED-79D83A496B38}.Release|x64.ActiveCfg = Release|Win32
		{15C89A26-BBA5-3198-84ED-79D83A496B38}.Release|x86.ActiveCfg = Release|Win32
		{15C89A26-BBA5-3198-84ED-79D83A496B38}.Release|x86.Build.0 = Release|Win32
		{15C89A26-BBA5-3198-84ED-79D83A496B38}.RelWithDebInfo|Mixed Platforms.ActiveCfg = RelWithDebInfo|Win32
		{15C89A26-BBA5-3198-84ED-79D83A496B38}.RelWithDebInfo|Mixed Platforms.Build.0 = RelWithDebInfo|Win32
		{15C89A26-BBA5-3198-84ED-79D83A496B38}.RelWithDebInfo|Win32.ActiveCfg = RelWithDebInfo|Win32
		{15C89A26-BBA5-3198-84ED-79D83A496B38}.RelWithDebInfo|Win32.Build.0 = RelWithDebInfo|Win32
		{15C89A26-BBA5-3198-84ED-79D83A496B38}.RelWithDebInfo|x64.ActiveCfg = RelWithDebInfo|Win32
		{15C89A26-BBA5-3198-84ED-79D83A496B38}.RelWithDebInfo|x86.ActiveCfg = RelWithDebInfo|Win32
		{15C89A26-BBA5-3198-84ED-79D83A496B38}.RelWithDebInfo|x86.Build.0 = RelWithDebInfo|Win32
		{F6C38644-C649-348C-ACE0-399F0E7005C5}.Debug|Mixed Platforms.ActiveCfg = Debug|Win32
		{F6C38644-C649-348C-ACE0-399F0E7005C5}.Debug|Mixed Platforms.Build.0 = Debug|Win32
		{F6C38644-C649-348C-ACE0-399F0E7005C5}.Debug|Win32.ActiveCfg = Debug|Win32
		{F6C38644-C649-348C-ACE0-399F0E7005C5}.Debug|Win32.Build.0 = Debug|Win32
		{F6C38644-C649-348C-ACE0-399F0E7005C5}.Debug|x64.ActiveCfg = Debug|Win32
		{F6C38644-C649-348C-ACE0-399F0E7005C5}.Debug|x86.ActiveCfg = Debug|Win32
		{F6C38644-C649-348C-ACE0-399F0E7005C5}.Debug|x86.Build.0 = Debug|Win32
		{F6C38644-C649-348C-ACE0-399F0E7005C5}.MinSizeRel|Mixed Platforms.ActiveCfg = MinSizeRel|Win32
		{F6C38644-C649-348C-ACE0-399F0E7005C5}.MinSizeRel|Mixed Platforms.Build.0 = MinSizeRel|Win32
		{F6C38644-C649-348C-ACE0-399F0E7005C5}.MinSizeRel|Win32.ActiveCfg = MinSizeRel|Win32
		{F6C38644-C649-348C-ACE0-399F0E7005C5}.MinSizeRel|Win32.Build.0 = MinSizeRel|Win32
		{F6C38644-C649-348C-ACE0-399F0E7005C5}.MinSizeRel|x64.ActiveCfg = MinSizeRel|Win32
		{F6C38644-C649-348C-ACE0-399F0E7005C5}.MinSizeRel|x86.ActiveCfg = MinSizeRel|Win32
		{F6C38644-C649-348C-ACE0-399F0E7005C5}.MinSizeRel|x86.Build.0 = MinSizeRel|Win32
		{F6C38644-C649-348C-ACE0-399F0E7005C5}.Release|Mixed Platforms.ActiveCfg = Release|Win32
		{F6C38644-C649-348C-ACE0-399F0E7005C5}.Release|Mixed Platforms.Build.0 = Release|Win32
		{F6C38644-C649-348C-ACE0-399F0E7005C5}.Release|Win32.ActiveCfg = Release|Win32
		{F6C38644-C649-348C-ACE0-399F0E7005C5}.Release|Win32.Build.0 = Release|Win32
		{F6C38644-C649-348C-ACE0-399F0E7005C5}.Release|x64.ActiveCfg = Release|Win32
		{F6C38644-C649-348C-ACE0-399F0E7005C5}.Release|x86.ActiveCfg = Release|Win32
		{F6C38644-C649-348C-ACE0-399F0E7005C5}.Release|x86.Build.0 = Release|Win32
		{F6C38644-C649-348C-ACE0-399F0E7005C5}.RelWithDebInfo|Mixed Platforms.ActiveCfg = RelWithDebInfo|Win32
		{F6C38644-C649-348C-ACE0-399F0E7005C5}.RelWithDebInfo|Mixed Platforms.Build.0 = RelWithDebInfo|Win32
		{F6C38644-C649-348C-ACE0-399F0E7005C5}.RelWithDebInfo|Win32.ActiveCfg = RelWithDebInfo|Win32
		{F6C38644-C649-348C-ACE0-399F0E7005C5}.RelWithDebInfo|Win32.Build.0 = RelWithDebInfo|Win32
		{F6C38644-C649-348C-ACE0-399F0E7005C5}.RelWithDebInfo|x64.ActiveCfg = RelWithDebInfo|Win32
		{F6C38644-C649-348C-ACE0-399F0E7005C5}.RelWithDebInfo|x86.ActiveCfg = RelWithDebInfo|Win32
		{F6C38644-C649-348C-ACE0-399F0E7005C5}.RelWithDebInfo|x86.Build.0 = RelWithDebInfo|Win32
		{1C3D24B1-D48E-3FED-A6C5-C4AD1163AA7F}.Debug|Mixed Platforms.ActiveCfg = Debug|Win32
		{1C3D24B1-D48E-3FED-A6C5-C4AD1163AA7F}.Debug|Mixed Platforms.Build.0 = Debug|Win32
		{1C3D24B1-D48E-3FED-A6C5-C4AD1163AA7F}.Debug|Win32.ActiveCfg = Debug|Win32
		{1C3D24B1-D48E-3FED-A6C5-C4AD1163AA7F}.Debug|Win32.Build.0 = Debug|Win32
		{1C3D24B1-D48E-3FED-A6C5-C4AD1163AA7F}.Debug|x64.ActiveCfg = Debug|Win32
		{1C3D24B1-D48E-3FED-A6C5-C4AD1163AA7F}.Debug|x64.Build.0 = Debug|Win32
		{1C3D24B1-D48E-3FED-A6C5-C4AD1163AA7F}.Debug|x86.ActiveCfg = Debug|Win32
		{1C3D24B1-D48E-3FED-A6C5-C4AD1163AA7F}.Debug|x86.Build.0 = Debug|Win32
		{1C3D24B1-D48E-3FED-A6C5-C4AD1163AA7F}.MinSizeRel|Mixed Platforms.ActiveCfg = MinSizeRel|Win32
		{1C3D24B1-D48E-3FED-A6C5-C4AD1163AA7F}.MinSizeRel|Mixed Platforms.Build.0 = MinSizeRel|Win32
		{1C3D24B1-D48E-3FED-A6C5-C4AD1163AA7F}.MinSizeRel|Win32.ActiveCfg = MinSizeRel|Win32
		{1C3D24B1-D48E-3FED-A6C5-C4AD1163AA7F}.MinSizeRel|Win32.Build.0 = MinSizeRel|Win32
		{1C3D24B1-D48E-3FED-A6C5-C4AD1163AA7F}.MinSizeRel|x64.ActiveCfg = MinSizeRel|Win32
		{1C3D24B1-D48E-3FED-A6C5-C4AD1163AA7F}.MinSizeRel|x86.ActiveCfg = MinSizeRel|Win32
		{1C3D24B1-D48E-3FED-A6C5-C4AD1163AA7F}.MinSizeRel|x86.Build.0 = MinSizeRel|Win32
		{1C3D24B1-D48E-3FED-A6C5-C4AD1163AA7F}.Release|Mixed Platforms.ActiveCfg = Release|Win32
		{1C3D24B1-D48E-3FED-A6C5-C4AD1163AA7F}.Release|Mixed Platforms.Build.0 = Release|Win32
		{1C3D24B1-D48E-3FED-A6C5-C4AD1163AA7F}.Release|Win32.ActiveCfg = Release|Win32
		{1C3D24B1-D48E-3FED-A6C5-C4AD1163AA7F}.Release|Win32.Build.0 = Release|Win32
		{1C3D24B1-D48E-3FED-A6C5-C4AD1163AA7F}.Release|x64.ActiveCfg = Release|Win32
		{1C3D24B1-D48E-3FED-A6C5-C4AD1163AA7F}.Release|x86.ActiveCfg = Release|Win32
		{1C3D24B1-D48E-3FED-A6C5-C4AD1163AA7F}.Release|x86.Build.0 = Release|Win32
		{1C3D24B1-D48E-3FED-A6C5-C4AD1163AA7F}.RelWithDebInfo|Mixed Platforms.ActiveCfg = RelWithDebInfo|Win32
		{1C3D24B1-D48E-3FED-A6C5-C4AD1163AA7F}.RelWithDebInfo|Mixed Platforms.Build.0 = RelWithDebInfo|Win32
		{1C3D24B1-D48E-3FED-A6C5-C4AD1163AA7F}.RelWithDebInfo|Win32.ActiveCfg = RelWithDebInfo|Win32
		{1C3D24B1-D48E-3FED-A6C5-C4AD1163AA7F}.RelWithDebInfo|Win32.Build.0 = RelWithDebInfo|Win32
		{1C3D24B1-D48E-3FED-A6C5-C4AD1163AA7F}.RelWithDebInfo|x64.ActiveCfg = RelWithDebInfo|Win32
		{1C3D24B1-D48E-3FED-A6C5-C4AD1163AA7F}.RelWithDebInfo|x86.ActiveCfg = RelWithDebInfo|Win32
		{1C3D24B1-D48E-3FED-A6C5-C4AD1163AA7F}.RelWithDebInfo|x86.Build.0 = RelWithDebInfo|Win32
	EndGlobalSection
	GlobalSection(SolutionProperties) = preSolution
		HideSolutionNode = FALSE
	EndGlobalSection
	GlobalSection(ExtensibilityGlobals) = postSolution
		SolutionGuid = {638CB4B9-FF4C-4162-8068-402388FDFBFA}
	EndGlobalSection
EndGlobal
